
Microsoft Visual Studio Solution File, Format Version 12.00
# Visual Studio Version 16
VisualStudioVersion = 16.0.32228.343
MinimumVisualStudioVersion = 10.0.40219.1
Project("{FAE04EC0-301F-11D3-BF4B-00C04F79EFBC}") = "WindowsFormsApp2", "WindowsFormsApp2\WindowsFormsApp2.csproj", "{6FBE50E6-B095-4FDD-A0F7-BD5A4B02E282}"
EndProject
Global
	GlobalSection(SolutionConfigurationPlatforms) = preSolution
		Debug|Any CPU = Debug|Any CPU
		Release|Any CPU = Release|Any CPU
	EndGlobalSection
	GlobalSection(ProjectConfigurationPlatforms) = postSolution
		{6FBE50E6-B095-4FDD-A0F7-BD5A4B02E282}.Debug|Any CPU.ActiveCfg = Debug|Any CPU
		{6FBE50E6-B095-4FDD-A0F7-BD5A4B02E282}.Debug|Any CPU.Build.0 = Debug|Any CPU
		{6FBE50E6-B095-4FDD-A0F7-BD5A4B02E282}.Release|Any CPU.ActiveCfg = Release|Any CPU
		{6FBE50E6-B095-4FDD-A0F7-BD5A4B02E282}.Release|Any CPU.Build.0 = Release|Any CPU
	EndGlobalSection
	GlobalSection(SolutionProperties) = preSolution
		HideSolutionNode = FALSE
	EndGlobalSection
	GlobalSection(ExtensibilityGlobals) = postSolution
		SolutionGuid = {CB4711D3-A706-42B0-A629-0AF82938C137}
	EndGlobalSection
EndGlobal
